
Microsoft Visual Studio Solution File, Format Version 12.00
# Visual Studio Version 17
VisualStudioVersion = 17.14.36518.9 d17.14
MinimumVisualStudioVersion = 10.0.40219.1
Project("{FAE04EC0-301F-11D3-BF4B-00C04F79EFBC}") = "API_PD", "API_PD\API_PD.csproj", "{401D3ADC-876B-49AD-83F7-90EA686615AD}"
EndProject
Global
	GlobalSection(SolutionConfigurationPlatforms) = preSolution
		Debug|Any CPU = Debug|Any CPU
		Release|Any CPU = Release|Any CPU
	EndGlobalSection
	GlobalSection(ProjectConfigurationPlatforms) = postSolution
		{401D3ADC-876B-49AD-83F7-90EA686615AD}.Debug|Any CPU.ActiveCfg = Debug|Any CPU
		{401D3ADC-876B-49AD-83F7-90EA686615AD}.Debug|Any CPU.Build.0 = Debug|Any CPU
		{401D3ADC-876B-49AD-83F7-90EA686615AD}.Release|Any CPU.ActiveCfg = Release|Any CPU
		{401D3ADC-876B-49AD-83F7-90EA686615AD}.Release|Any CPU.Build.0 = Release|Any CPU
	EndGlobalSection
	GlobalSection(SolutionProperties) = preSolution
		HideSolutionNode = FALSE
	EndGlobalSection
	GlobalSection(ExtensibilityGlobals) = postSolution
		SolutionGuid = {4E937082-F64F-4CF6-A39C-9098C4001330}
	EndGlobalSection
EndGlobal
